
Microsoft Visual Studio Solution File, Format Version 12.00
# Visual Studio Version 17
VisualStudioVersion = 17.4.33213.308
MinimumVisualStudioVersion = 10.0.40219.1
Project("{FAE04EC0-301F-11D3-BF4B-00C04F79EFBC}") = "DoAnCuoiKi_NET", "DoAnCuoiKi_NET\DoAnCuoiKi_NET.csproj", "{9349CCF6-FCA5-4DAD-9C16-F7FEDA8172A9}"
EndProject
Global
	GlobalSection(SolutionConfigurationPlatforms) = preSolution
		Debug|Any CPU = Debug|Any CPU
		Release|Any CPU = Release|Any CPU
	EndGlobalSection
	GlobalSection(ProjectConfigurationPlatforms) = postSolution
		{9349CCF6-FCA5-4DAD-9C16-F7FEDA8172A9}.Debug|Any CPU.ActiveCfg = Debug|Any CPU
		{9349CCF6-FCA5-4DAD-9C16-F7FEDA8172A9}.Debug|Any CPU.Build.0 = Debug|Any CPU
		{9349CCF6-FCA5-4DAD-9C16-F7FEDA8172A9}.Release|Any CPU.ActiveCfg = Release|Any CPU
		{9349CCF6-FCA5-4DAD-9C16-F7FEDA8172A9}.Release|Any CPU.Build.0 = Release|Any CPU
	EndGlobalSection
	GlobalSection(SolutionProperties) = preSolution
		HideSolutionNode = FALSE
	EndGlobalSection
	GlobalSection(ExtensibilityGlobals) = postSolution
		SolutionGuid = {438BCD03-3C60-4D6B-9F8E-4D251DD41AC9}
	EndGlobalSection
EndGlobal
